
Microsoft Visual Studio Solution File, Format Version 12.00
# Visual Studio 15
VisualStudioVersion = 15.0.26228.4
MinimumVisualStudioVersion = 10.0.40219.1
Project("{2150E333-8FDC-42A3-9474-1A3956D46DE8}") = "src", "src", "{2662DF43-BC6E-4400-80D6-963638E740AD}"
EndProject
Project("{FAE04EC0-301F-11D3-BF4B-00C04F79EFBC}") = "Tablator.Presentation.Web.UI", "src\Tablator.Presentation.Web.UI\Tablator.Presentation.Web.UI.csproj", "{8578CC11-8734-4F3F-B64F-EFE0AFB3FDA3}"
EndProject
Project("{2150E333-8FDC-42A3-9474-1A3956D46DE8}") = "readme", "readme", "{748E6D1B-B2D3-4448-B983-5A81A6AD0589}"
	ProjectSection(SolutionItems) = preProject
		README.md = README.md
	EndProjectSection
EndProject
Project("{2150E333-8FDC-42A3-9474-1A3956D46DE8}") = "core", "core", "{1916CD7A-DA1C-4BE8-A12F-112CE45BE22C}"
EndProject
Project("{9A19103F-16F7-4668-BE54-9A1E7A4F7556}") = "Tablator.BusinessModel", "..\core\Tablator.BusinessModel\Tablator.BusinessModel.csproj", "{4BC94513-ED41-4E37-A3E5-5D24C93A5960}"
EndProject
Project("{9A19103F-16F7-4668-BE54-9A1E7A4F7556}") = "Tablator.Infrastructure", "..\core\Tablator.Infrastructure\Tablator.Infrastructure.csproj", "{66F090A0-DFE1-4387-989A-5470B86AF1E6}"
EndProject
Project("{9A19103F-16F7-4668-BE54-9A1E7A4F7556}") = "Tablator.DomainModel", "..\core\Tablator.DomainModel\Tablator.DomainModel.csproj", "{F0D3AF7C-12ED-4BE5-8342-57DE60121B04}"
EndProject
Project("{9A19103F-16F7-4668-BE54-9A1E7A4F7556}") = "Tablator.BusinessLogic", "..\core\Tablator.BusinessLogic\Tablator.BusinessLogic.csproj", "{6397D83A-2BB6-4AC4-BCA4-D8BF667EAEAA}"
EndProject
Project("{FAE04EC0-301F-11D3-BF4B-00C04F79EFBC}") = "Tablator.DataAccess", "..\Core\Tablator.DataAccess\Tablator.DataAccess.csproj", "{88193608-5AEC-4E91-B456-A953B9D24853}"
EndProject
Project("{FAE04EC0-301F-11D3-BF4B-00C04F79EFBC}") = "Tablator.Rendering.Core", "..\core\Tablator.Rendering.Core\Tablator.Rendering.Core.csproj", "{8A59732F-C813-4E55-9EB9-AE242676ED39}"
EndProject
Project("{FAE04EC0-301F-11D3-BF4B-00C04F79EFBC}") = "Tablator.Rendering.SVG", "..\core\Tablator.Rendering.SVG\Tablator.Rendering.SVG.csproj", "{2945D20D-67A5-4F59-9777-CFAA1DEB369D}"
EndProject
Global
	GlobalSection(SolutionConfigurationPlatforms) = preSolution
		Debug|Any CPU = Debug|Any CPU
		Debug|x64 = Debug|x64
		Debug|x86 = Debug|x86
		Release|Any CPU = Release|Any CPU
		Release|x64 = Release|x64
		Release|x86 = Release|x86
	EndGlobalSection
	GlobalSection(ProjectConfigurationPlatforms) = postSolution
		{8578CC11-8734-4F3F-B64F-EFE0AFB3FDA3}.Debug|Any CPU.ActiveCfg = Debug|Any CPU
		{8578CC11-8734-4F3F-B64F-EFE0AFB3FDA3}.Debug|Any CPU.Build.0 = Debug|Any CPU
		{8578CC11-8734-4F3F-B64F-EFE0AFB3FDA3}.Debug|x64.ActiveCfg = Debug|Any CPU
		{8578CC11-8734-4F3F-B64F-EFE0AFB3FDA3}.Debug|x64.Build.0 = Debug|Any CPU
		{8578CC11-8734-4F3F-B64F-EFE0AFB3FDA3}.Debug|x86.ActiveCfg = Debug|Any CPU
		{8578CC11-8734-4F3F-B64F-EFE0AFB3FDA3}.Debug|x86.Build.0 = Debug|Any CPU
		{8578CC11-8734-4F3F-B64F-EFE0AFB3FDA3}.Release|Any CPU.ActiveCfg = Release|Any CPU
		{8578CC11-8734-4F3F-B64F-EFE0AFB3FDA3}.Release|Any CPU.Build.0 = Release|Any CPU
		{8578CC11-8734-4F3F-B64F-EFE0AFB3FDA3}.Release|x64.ActiveCfg = Release|Any CPU
		{8578CC11-8734-4F3F-B64F-EFE0AFB3FDA3}.Release|x64.Build.0 = Release|Any CPU
		{8578CC11-8734-4F3F-B64F-EFE0AFB3FDA3}.Release|x86.ActiveCfg = Release|Any CPU
		{8578CC11-8734-4F3F-B64F-EFE0AFB3FDA3}.Release|x86.Build.0 = Release|Any CPU
		{4BC94513-ED41-4E37-A3E5-5D24C93A5960}.Debug|Any CPU.ActiveCfg = Debug|Any CPU
		{4BC94513-ED41-4E37-A3E5-5D24C93A5960}.Debug|Any CPU.Build.0 = Debug|Any CPU
		{4BC94513-ED41-4E37-A3E5-5D24C93A5960}.Debug|x64.ActiveCfg = Debug|Any CPU
		{4BC94513-ED41-4E37-A3E5-5D24C93A5960}.Debug|x64.Build.0 = Debug|Any CPU
		{4BC94513-ED41-4E37-A3E5-5D24C93A5960}.Debug|x86.ActiveCfg = Debug|Any CPU
		{4BC94513-ED41-4E37-A3E5-5D24C93A5960}.Debug|x86.Build.0 = Debug|Any CPU
		{4BC94513-ED41-4E37-A3E5-5D24C93A5960}.Release|Any CPU.ActiveCfg = Release|Any CPU
		{4BC94513-ED41-4E37-A3E5-5D24C93A5960}.Release|Any CPU.Build.0 = Release|Any CPU
		{4BC94513-ED41-4E37-A3E5-5D24C93A5960}.Release|x64.ActiveCfg = Release|Any CPU
		{4BC94513-ED41-4E37-A3E5-5D24C93A5960}.Release|x64.Build.0 = Release|Any CPU
		{4BC94513-ED41-4E37-A3E5-5D24C93A5960}.Release|x86.ActiveCfg = Release|Any CPU
		{4BC94513-ED41-4E37-A3E5-5D24C93A5960}.Release|x86.Build.0 = Release|Any CPU
		{66F090A0-DFE1-4387-989A-5470B86AF1E6}.Debug|Any CPU.ActiveCfg = Debug|Any CPU
		{66F090A0-DFE1-4387-989A-5470B86AF1E6}.Debug|Any CPU.Build.0 = Debug|Any CPU
		{66F090A0-DFE1-4387-989A-5470B86AF1E6}.Debug|x64.ActiveCfg = Debug|Any CPU
		{66F090A0-DFE1-4387-989A-5470B86AF1E6}.Debug|x64.Build.0 = Debug|Any CPU
		{66F090A0-DFE1-4387-989A-5470B86AF1E6}.Debug|x86.ActiveCfg = Debug|Any CPU
		{66F090A0-DFE1-4387-989A-5470B86AF1E6}.Debug|x86.Build.0 = Debug|Any CPU
		{66F090A0-DFE1-4387-989A-5470B86AF1E6}.Release|Any CPU.ActiveCfg = Release|Any CPU
		{66F090A0-DFE1-4387-989A-5470B86AF1E6}.Release|Any CPU.Build.0 = Release|Any CPU
		{66F090A0-DFE1-4387-989A-5470B86AF1E6}.Release|x64.ActiveCfg = Release|Any CPU
		{66F090A0-DFE1-4387-989A-5470B86AF1E6}.Release|x64.Build.0 = Release|Any CPU
		{66F090A0-DFE1-4387-989A-5470B86AF1E6}.Release|x86.ActiveCfg = Release|Any CPU
		{66F090A0-DFE1-4387-989A-5470B86AF1E6}.Release|x86.Build.0 = Release|Any CPU
		{F0D3AF7C-12ED-4BE5-8342-57DE60121B04}.Debug|Any CPU.ActiveCfg = Debug|Any CPU
		{F0D3AF7C-12ED-4BE5-8342-57DE60121B04}.Debug|Any CPU.Build.0 = Debug|Any CPU
		{F0D3AF7C-12ED-4BE5-8342-57DE60121B04}.Debug|x64.ActiveCfg = Debug|Any CPU
		{F0D3AF7C-12ED-4BE5-8342-57DE60121B04}.Debug|x64.Build.0 = Debug|Any CPU
		{F0D3AF7C-12ED-4BE5-8342-57DE60121B04}.Debug|x86.ActiveCfg = Debug|Any CPU
		{F0D3AF7C-12ED-4BE5-8342-57DE60121B04}.Debug|x86.Build.0 = Debug|Any CPU
		{F0D3AF7C-12ED-4BE5-8342-57DE60121B04}.Release|Any CPU.ActiveCfg = Release|Any CPU
		{F0D3AF7C-12ED-4BE5-8342-57DE60121B04}.Release|Any CPU.Build.0 = Release|Any CPU
		{F0D3AF7C-12ED-4BE5-8342-57DE60121B04}.Release|x64.ActiveCfg = Release|Any CPU
		{F0D3AF7C-12ED-4BE5-8342-57DE60121B04}.Release|x64.Build.0 = Release|Any CPU
		{F0D3AF7C-12ED-4BE5-8342-57DE60121B04}.Release|x86.ActiveCfg = Release|Any CPU
		{F0D3AF7C-12ED-4BE5-8342-57DE60121B04}.Release|x86.Build.0 = Release|Any CPU
		{6397D83A-2BB6-4AC4-BCA4-D8BF667EAEAA}.Debug|Any CPU.ActiveCfg = Debug|Any CPU
		{6397D83A-2BB6-4AC4-BCA4-D8BF667EAEAA}.Debug|Any CPU.Build.0 = Debug|Any CPU
		{6397D83A-2BB6-4AC4-BCA4-D8BF667EAEAA}.Debug|x64.ActiveCfg = Debug|Any CPU
		{6397D83A-2BB6-4AC4-BCA4-D8BF667EAEAA}.Debug|x64.Build.0 = Debug|Any CPU
		{6397D83A-2BB6-4AC4-BCA4-D8BF667EAEAA}.Debug|x86.ActiveCfg = Debug|Any CPU
		{6397D83A-2BB6-4AC4-BCA4-D8BF667EAEAA}.Debug|x86.Build.0 = Debug|Any CPU
		{6397D83A-2BB6-4AC4-BCA4-D8BF667EAEAA}.Release|Any CPU.ActiveCfg = Release|Any CPU
		{6397D83A-2BB6-4AC4-BCA4-D8BF667EAEAA}.Release|Any CPU.Build.0 = Release|Any CPU
		{6397D83A-2BB6-4AC4-BCA4-D8BF667EAEAA}.Release|x64.ActiveCfg = Release|Any CPU
		{6397D83A-2BB6-4AC4-BCA4-D8BF667EAEAA}.Release|x64.Build.0 = Release|Any CPU
		{6397D83A-2BB6-4AC4-BCA4-D8BF667EAEAA}.Release|x86.ActiveCfg = Release|Any CPU
		{6397D83A-2BB6-4AC4-BCA4-D8BF667EAEAA}.Release|x86.Build.0 = Release|Any CPU
		{88193608-5AEC-4E91-B456-A953B9D24853}.Debug|Any CPU.ActiveCfg = Debug|Any CPU
		{88193608-5AEC-4E91-B456-A953B9D24853}.Debug|Any CPU.Build.0 = Debug|Any CPU
		{88193608-5AEC-4E91-B456-A953B9D24853}.Debug|x64.ActiveCfg = Debug|Any CPU
		{88193608-5AEC-4E91-B456-A953B9D24853}.Debug|x64.Build.0 = Debug|Any CPU
		{88193608-5AEC-4E91-B456-A953B9D24853}.Debug|x86.ActiveCfg = Debug|Any CPU
		{88193608-5AEC-4E91-B456-A953B9D24853}.Debug|x86.Build.0 = Debug|Any CPU
		{88193608-5AEC-4E91-B456-A953B9D24853}.Release|Any CPU.ActiveCfg = Release|Any CPU
		{88193608-5AEC-4E91-B456-A953B9D24853}.Release|Any CPU.Build.0 = Release|Any CPU
		{88193608-5AEC-4E91-B456-A953B9D24853}.Release|x64.ActiveCfg = Release|Any CPU
		{88193608-5AEC-4E91-B456-A953B9D24853}.Release|x64.Build.0 = Release|Any CPU
		{88193608-5AEC-4E91-B456-A953B9D24853}.Release|x86.ActiveCfg = Release|Any CPU
		{88193608-5AEC-4E91-B456-A953B9D24853}.Release|x86.Build.0 = Release|Any CPU
		{8A59732F-C813-4E55-9EB9-AE242676ED39}.Debug|Any CPU.ActiveCfg = Debug|Any CPU
		{8A59732F-C813-4E55-9EB9-AE242676ED39}.Debug|Any CPU.Build.0 = Debug|Any CPU
		{8A59732F-C813-4E55-9EB9-AE242676ED39}.Debug|x64.ActiveCfg = Debug|Any CPU
		{8A59732F-C813-4E55-9EB9-AE242676ED39}.Debug|x64.Build.0 = Debug|Any CPU
		{8A59732F-C813-4E55-9EB9-AE242676ED39}.Debug|x86.ActiveCfg = Debug|Any CPU
		{8A59732F-C813-4E55-9EB9-AE242676ED39}.Debug|x86.Build.0 = Debug|Any CPU
		{8A59732F-C813-4E55-9EB9-AE242676ED39}.Release|Any CPU.ActiveCfg = Release|Any CPU
		{8A59732F-C813-4E55-9EB9-AE242676ED39}.Release|Any CPU.Build.0 = Release|Any CPU
		{8A59732F-C813-4E55-9EB9-AE242676ED39}.Release|x64.ActiveCfg = Release|Any CPU
		{8A59732F-C813-4E55-9EB9-AE242676ED39}.Release|x64.Build.0 = Release|Any CPU
		{8A59732F-C813-4E55-9EB9-AE242676ED39}.Release|x86.ActiveCfg = Release|Any CPU
		{8A59732F-C813-4E55-9EB9-AE242676ED39}.Release|x86.Build.0 = Release|Any CPU
		{2945D20D-67A5-4F59-9777-CFAA1DEB369D}.Debug|Any CPU.ActiveCfg = Debug|Any CPU
		{2945D20D-67A5-4F59-9777-CFAA1DEB369D}.Debug|Any CPU.Build.0 = Debug|Any CPU
		{2945D20D-67A5-4F59-9777-CFAA1DEB369D}.Debug|x64.ActiveCfg = Debug|Any CPU
		{2945D20D-67A5-4F59-9777-CFAA1DEB369D}.Debug|x64.Build.0 = Debug|Any CPU
		{2945D20D-67A5-4F59-9777-CFAA1DEB369D}.Debug|x86.ActiveCfg = Debug|Any CPU
		{2945D20D-67A5-4F59-9777-CFAA1DEB369D}.Debug|x86.Build.0 = Debug|Any CPU
		{2945D20D-67A5-4F59-9777-CFAA1DEB369D}.Release|Any CPU.ActiveCfg = Release|Any CPU
		{2945D20D-67A5-4F59-9777-CFAA1DEB369D}.Release|Any CPU.Build.0 = Release|Any CPU
		{2945D20D-67A5-4F59-9777-CFAA1DEB369D}.Release|x64.ActiveCfg = Release|Any CPU
		{2945D20D-67A5-4F59-9777-CFAA1DEB369D}.Release|x64.Build.0 = Release|Any CPU
		{2945D20D-67A5-4F59-9777-CFAA1DEB369D}.Release|x86.ActiveCfg = Release|Any CPU
		{2945D20D-67A5-4F59-9777-CFAA1DEB369D}.Release|x86.Build.0 = Release|Any CPU
	EndGlobalSection
	GlobalSection(SolutionProperties) = preSolution
		HideSolutionNode = FALSE
	EndGlobalSection
	GlobalSection(NestedProjects) = preSolution
		{8578CC11-8734-4F3F-B64F-EFE0AFB3FDA3} = {2662DF43-BC6E-4400-80D6-963638E740AD}
		{4BC94513-ED41-4E37-A3E5-5D24C93A5960} = {1916CD7A-DA1C-4BE8-A12F-112CE45BE22C}
		{66F090A0-DFE1-4387-989A-5470B86AF1E6} = {1916CD7A-DA1C-4BE8-A12F-112CE45BE22C}
		{F0D3AF7C-12ED-4BE5-8342-57DE60121B04} = {1916CD7A-DA1C-4BE8-A12F-112CE45BE22C}
		{6397D83A-2BB6-4AC4-BCA4-D8BF667EAEAA} = {1916CD7A-DA1C-4BE8-A12F-112CE45BE22C}
		{88193608-5AEC-4E91-B456-A953B9D24853} = {1916CD7A-DA1C-4BE8-A12F-112CE45BE22C}
		{8A59732F-C813-4E55-9EB9-AE242676ED39} = {1916CD7A-DA1C-4BE8-A12F-112CE45BE22C}
		{2945D20D-67A5-4F59-9777-CFAA1DEB369D} = {1916CD7A-DA1C-4BE8-A12F-112CE45BE22C}
	EndGlobalSection
EndGlobal
