
Microsoft Visual Studio Solution File, Format Version 12.00
# Visual Studio 15
VisualStudioVersion = 15.0.26228.4
MinimumVisualStudioVersion = 10.0.40219.1
Project("{FAE04EC0-301F-11D3-BF4B-00C04F79EFBC}") = "Tablator.Presentation.Web.UI", "src\Tablator.Presentation.Web.UI\Tablator.Presentation.Web.UI.csproj", "{01FFAE48-B3A1-4865-A5B4-7CEC8BB4F145}"
EndProject
Project("{2150E333-8FDC-42A3-9474-1A3956D46DE8}") = "core", "core", "{84E4A3EC-C5D0-4F4D-B5B5-FBA0D57FD30E}"
EndProject
Project("{9A19103F-16F7-4668-BE54-9A1E7A4F7556}") = "Tablator.BusinessLogic", "..\core\src\Tablator.BusinessLogic\Tablator.BusinessLogic.csproj", "{6352E4D1-C985-4E06-AE22-101E420D1EDE}"
EndProject
Project("{9A19103F-16F7-4668-BE54-9A1E7A4F7556}") = "Tablator.BusinessModel", "..\core\src\Tablator.BusinessModel\Tablator.BusinessModel.csproj", "{9FE5E864-B17E-4CD9-82F7-CCF4E73DCB18}"
EndProject
Project("{9A19103F-16F7-4668-BE54-9A1E7A4F7556}") = "Tablator.DomainModel", "..\core\src\Tablator.DomainModel\Tablator.DomainModel.csproj", "{CF58A706-1D89-431B-8BD1-7047380CA821}"
EndProject
Project("{9A19103F-16F7-4668-BE54-9A1E7A4F7556}") = "Tablator.DataAccess", "..\core\src\Tablator.DataAccess\Tablator.DataAccess.csproj", "{46AED0F3-7E26-40A9-8FD0-505EC0EED049}"
EndProject
Project("{9A19103F-16F7-4668-BE54-9A1E7A4F7556}") = "Tablator.Infrastructure", "..\core\src\Tablator.Infrastructure\Tablator.Infrastructure.csproj", "{07B4512A-4531-40BA-8E4F-9C206E220A02}"
EndProject
Project("{9A19103F-16F7-4668-BE54-9A1E7A4F7556}") = "Tablator.Rendering.Core", "..\core\src\Tablator.Rendering.Core\Tablator.Rendering.Core.csproj", "{7851BC54-AC86-4FC5-B419-4DAE4CFECFF8}"
EndProject
Project("{9A19103F-16F7-4668-BE54-9A1E7A4F7556}") = "Tablator.Rendering.SVG", "..\core\src\Tablator.Rendering.SVG\Tablator.Rendering.SVG.csproj", "{6AD3F927-8567-498C-84AA-E2FB56EC4E2F}"
EndProject
Global
	GlobalSection(SolutionConfigurationPlatforms) = preSolution
		Debug|Any CPU = Debug|Any CPU
		Release|Any CPU = Release|Any CPU
	EndGlobalSection
	GlobalSection(ProjectConfigurationPlatforms) = postSolution
		{01FFAE48-B3A1-4865-A5B4-7CEC8BB4F145}.Debug|Any CPU.ActiveCfg = Debug|Any CPU
		{01FFAE48-B3A1-4865-A5B4-7CEC8BB4F145}.Debug|Any CPU.Build.0 = Debug|Any CPU
		{01FFAE48-B3A1-4865-A5B4-7CEC8BB4F145}.Release|Any CPU.ActiveCfg = Release|Any CPU
		{01FFAE48-B3A1-4865-A5B4-7CEC8BB4F145}.Release|Any CPU.Build.0 = Release|Any CPU
		{6352E4D1-C985-4E06-AE22-101E420D1EDE}.Debug|Any CPU.ActiveCfg = Debug|Any CPU
		{6352E4D1-C985-4E06-AE22-101E420D1EDE}.Debug|Any CPU.Build.0 = Debug|Any CPU
		{6352E4D1-C985-4E06-AE22-101E420D1EDE}.Release|Any CPU.ActiveCfg = Release|Any CPU
		{6352E4D1-C985-4E06-AE22-101E420D1EDE}.Release|Any CPU.Build.0 = Release|Any CPU
		{9FE5E864-B17E-4CD9-82F7-CCF4E73DCB18}.Debug|Any CPU.ActiveCfg = Debug|Any CPU
		{9FE5E864-B17E-4CD9-82F7-CCF4E73DCB18}.Debug|Any CPU.Build.0 = Debug|Any CPU
		{9FE5E864-B17E-4CD9-82F7-CCF4E73DCB18}.Release|Any CPU.ActiveCfg = Release|Any CPU
		{9FE5E864-B17E-4CD9-82F7-CCF4E73DCB18}.Release|Any CPU.Build.0 = Release|Any CPU
		{CF58A706-1D89-431B-8BD1-7047380CA821}.Debug|Any CPU.ActiveCfg = Debug|Any CPU
		{CF58A706-1D89-431B-8BD1-7047380CA821}.Debug|Any CPU.Build.0 = Debug|Any CPU
		{CF58A706-1D89-431B-8BD1-7047380CA821}.Release|Any CPU.ActiveCfg = Release|Any CPU
		{CF58A706-1D89-431B-8BD1-7047380CA821}.Release|Any CPU.Build.0 = Release|Any CPU
		{46AED0F3-7E26-40A9-8FD0-505EC0EED049}.Debug|Any CPU.ActiveCfg = Debug|Any CPU
		{46AED0F3-7E26-40A9-8FD0-505EC0EED049}.Debug|Any CPU.Build.0 = Debug|Any CPU
		{46AED0F3-7E26-40A9-8FD0-505EC0EED049}.Release|Any CPU.ActiveCfg = Release|Any CPU
		{46AED0F3-7E26-40A9-8FD0-505EC0EED049}.Release|Any CPU.Build.0 = Release|Any CPU
		{07B4512A-4531-40BA-8E4F-9C206E220A02}.Debug|Any CPU.ActiveCfg = Debug|Any CPU
		{07B4512A-4531-40BA-8E4F-9C206E220A02}.Debug|Any CPU.Build.0 = Debug|Any CPU
		{07B4512A-4531-40BA-8E4F-9C206E220A02}.Release|Any CPU.ActiveCfg = Release|Any CPU
		{07B4512A-4531-40BA-8E4F-9C206E220A02}.Release|Any CPU.Build.0 = Release|Any CPU
		{7851BC54-AC86-4FC5-B419-4DAE4CFECFF8}.Debug|Any CPU.ActiveCfg = Debug|Any CPU
		{7851BC54-AC86-4FC5-B419-4DAE4CFECFF8}.Debug|Any CPU.Build.0 = Debug|Any CPU
		{7851BC54-AC86-4FC5-B419-4DAE4CFECFF8}.Release|Any CPU.ActiveCfg = Release|Any CPU
		{7851BC54-AC86-4FC5-B419-4DAE4CFECFF8}.Release|Any CPU.Build.0 = Release|Any CPU
		{6AD3F927-8567-498C-84AA-E2FB56EC4E2F}.Debug|Any CPU.ActiveCfg = Debug|Any CPU
		{6AD3F927-8567-498C-84AA-E2FB56EC4E2F}.Debug|Any CPU.Build.0 = Debug|Any CPU
		{6AD3F927-8567-498C-84AA-E2FB56EC4E2F}.Release|Any CPU.ActiveCfg = Release|Any CPU
		{6AD3F927-8567-498C-84AA-E2FB56EC4E2F}.Release|Any CPU.Build.0 = Release|Any CPU
	EndGlobalSection
	GlobalSection(SolutionProperties) = preSolution
		HideSolutionNode = FALSE
	EndGlobalSection
	GlobalSection(NestedProjects) = preSolution
		{6352E4D1-C985-4E06-AE22-101E420D1EDE} = {84E4A3EC-C5D0-4F4D-B5B5-FBA0D57FD30E}
		{9FE5E864-B17E-4CD9-82F7-CCF4E73DCB18} = {84E4A3EC-C5D0-4F4D-B5B5-FBA0D57FD30E}
		{CF58A706-1D89-431B-8BD1-7047380CA821} = {84E4A3EC-C5D0-4F4D-B5B5-FBA0D57FD30E}
		{46AED0F3-7E26-40A9-8FD0-505EC0EED049} = {84E4A3EC-C5D0-4F4D-B5B5-FBA0D57FD30E}
		{07B4512A-4531-40BA-8E4F-9C206E220A02} = {84E4A3EC-C5D0-4F4D-B5B5-FBA0D57FD30E}
		{7851BC54-AC86-4FC5-B419-4DAE4CFECFF8} = {84E4A3EC-C5D0-4F4D-B5B5-FBA0D57FD30E}
		{6AD3F927-8567-498C-84AA-E2FB56EC4E2F} = {84E4A3EC-C5D0-4F4D-B5B5-FBA0D57FD30E}
	EndGlobalSection
EndGlobal
